
Microsoft Visual Studio Solution File, Format Version 12.00
# Visual Studio Version 16
VisualStudioVersion = 16.0.30114.128
MinimumVisualStudioVersion = 10.0.40219.1
Project("{FAE04EC0-301F-11D3-BF4B-00C04F79EFBC}") = "MultiTenantSample", "MultiTenantSample.csproj", "{7D3188BE-C94D-4618-B3A4-CF3A05E446BA}"
EndProject
Global
	GlobalSection(SolutionConfigurationPlatforms) = preSolution
		Debug|Any CPU = Debug|Any CPU
		Release|Any CPU = Release|Any CPU
	EndGlobalSection
	GlobalSection(ProjectConfigurationPlatforms) = postSolution
		{7D3188BE-C94D-4618-B3A4-CF3A05E446BA}.Debug|Any CPU.ActiveCfg = Debug|Any CPU
		{7D3188BE-C94D-4618-B3A4-CF3A05E446BA}.Debug|Any CPU.Build.0 = Debug|Any CPU
		{7D3188BE-C94D-4618-B3A4-CF3A05E446BA}.Release|Any CPU.ActiveCfg = Release|Any CPU
		{7D3188BE-C94D-4618-B3A4-CF3A05E446BA}.Release|Any CPU.Build.0 = Release|Any CPU
	EndGlobalSection
	GlobalSection(SolutionProperties) = preSolution
		HideSolutionNode = FALSE
	EndGlobalSection
	GlobalSection(ExtensibilityGlobals) = postSolution
		SolutionGuid = {C9306B9D-2A4A-42B7-B959-9EEBFE4D1494}
	EndGlobalSection
EndGlobal
